{
  "object": {
    "pins": [
      {
        "package": "GenesysCloudCore",
        "repositoryURL": "https://github.com/Genesys/CoreSPM.git",
        "state": {
          "branch": null,
          "revision": "28b355b8a2d9d79bd2fb7ea5a742cd96f5aae13b",
          "version": "1.10.2"
        }
      },
      {
        "package": "GenesysCloudMessenger",
        "repositoryURL": "https://github.com/GolanSG/MessengerSPM.git",
        "state": {
          "branch": null,
          "revision": "078cb12d1d26ce51bc1a87fd9fec3712084a17e1",
          "version": "1.10.5"
        }
      }
    ]
  },
  "version": 1
}
